
Microsoft Visual Studio Solution File, Format Version 11.00
# Visual Studio 2010
Project("{8BC9CEB8-8B4A-11D0-8D11-00A0C91BC942}") = "day18", "day18\day18.vcxproj", "{0E0D21C1-26B2-41BF-94F6-EA93C8204937}"
EndProject
Global
	GlobalSection(SolutionConfigurationPlatforms) = preSolution
		Debug|Win32 = Debug|Win32
		Release|Win32 = Release|Win32
	EndGlobalSection
	GlobalSection(ProjectConfigurationPlatforms) = postSolution
		{0E0D21C1-26B2-41BF-94F6-EA93C8204937}.Debug|Win32.ActiveCfg = Debug|Win32
		{0E0D21C1-26B2-41BF-94F6-EA93C8204937}.Debug|Win32.Build.0 = Debug|Win32
		{0E0D21C1-26B2-41BF-94F6-EA93C8204937}.Release|Win32.ActiveCfg = Release|Win32
		{0E0D21C1-26B2-41BF-94F6-EA93C8204937}.Release|Win32.Build.0 = Release|Win32
	EndGlobalSection
	GlobalSection(SolutionProperties) = preSolution
		HideSolutionNode = FALSE
	EndGlobalSection
EndGlobal
