
Microsoft Visual Studio Solution File, Format Version 11.00
# Visual Studio 2010
Project("{8BC9CEB8-8B4A-11D0-8D11-00A0C91BC942}") = "day4", "day4\day4.vcxproj", "{7393A819-0A8A-40A5-9B7E-7297D1916AAC}"
EndProject
Global
	GlobalSection(SolutionConfigurationPlatforms) = preSolution
		Debug|Win32 = Debug|Win32
		Release|Win32 = Release|Win32
	EndGlobalSection
	GlobalSection(ProjectConfigurationPlatforms) = postSolution
		{7393A819-0A8A-40A5-9B7E-7297D1916AAC}.Debug|Win32.ActiveCfg = Debug|Win32
		{7393A819-0A8A-40A5-9B7E-7297D1916AAC}.Debug|Win32.Build.0 = Debug|Win32
		{7393A819-0A8A-40A5-9B7E-7297D1916AAC}.Release|Win32.ActiveCfg = Release|Win32
		{7393A819-0A8A-40A5-9B7E-7297D1916AAC}.Release|Win32.Build.0 = Release|Win32
	EndGlobalSection
	GlobalSection(SolutionProperties) = preSolution
		HideSolutionNode = FALSE
	EndGlobalSection
EndGlobal
