
Microsoft Visual Studio Solution File, Format Version 11.00
# Visual Studio 2010
Project("{8BC9CEB8-8B4A-11D0-8D11-00A0C91BC942}") = "day14", "day14\day14.vcxproj", "{77EA6AD7-46E1-4000-B39D-EE43D9C51E93}"
EndProject
Global
	GlobalSection(SolutionConfigurationPlatforms) = preSolution
		Debug|Win32 = Debug|Win32
		Release|Win32 = Release|Win32
	EndGlobalSection
	GlobalSection(ProjectConfigurationPlatforms) = postSolution
		{77EA6AD7-46E1-4000-B39D-EE43D9C51E93}.Debug|Win32.ActiveCfg = Debug|Win32
		{77EA6AD7-46E1-4000-B39D-EE43D9C51E93}.Debug|Win32.Build.0 = Debug|Win32
		{77EA6AD7-46E1-4000-B39D-EE43D9C51E93}.Release|Win32.ActiveCfg = Release|Win32
		{77EA6AD7-46E1-4000-B39D-EE43D9C51E93}.Release|Win32.Build.0 = Release|Win32
	EndGlobalSection
	GlobalSection(SolutionProperties) = preSolution
		HideSolutionNode = FALSE
	EndGlobalSection
EndGlobal
